<?xml version="1.0" encoding="utf-8"?>
<Project ToolsVersion="4.0" xmlns="http://schemas.microsoft.com/developer/msbuild/2003">
  <ItemGroup>
    <Filter Include="Source Files">
      <UniqueIdentifier>{4FC737F1-C7A5-4376-A066-2A32D752A2FF}</UniqueIdentifier>
      <Extensions>cpp;c;cc;cxx;c++;cppm;ixx;def;odl;idl;hpj;bat;asm;asmx</Extensions>
    </Filter>
    <Filter Include="Header Files">
      <UniqueIdentifier>{93995380-89BD-4b04-88EB-625FBE52EBFB}</UniqueIdentifier>
      <Extensions>h;hh;hpp;hxx;h++;hm;inl;inc;ipp;xsd</Extensions>
    </Filter>
    <Filter Include="Resource Files">
      <UniqueIdentifier>{67DA6AB6-F800-4c08-8B7A-83BB121AAD01}</UniqueIdentifier>
      <Extensions>rc;ico;cur;bmp;dlg;rc2;rct;bin;rgs;gif;jpg;jpeg;jpe;resx;tiff;tif;png;wav;mfcribbon-ms</Extensions>
    </Filter>
    <Filter Include="Misc">
      <UniqueIdentifier>{d5e4de96-1b9f-440d-87a4-c2b086973e18}</UniqueIdentifier>
    </Filter>
    <Filter Include="Misc\Console">
      <UniqueIdentifier>{334af5e4-f1be-4c2d-a327-1050611b39b3}</UniqueIdentifier>
    </Filter>
    <Filter Include="Misc\Input">
      <UniqueIdentifier>{ec569067-b41d-462d-a741-6ef0173282ef}</UniqueIdentifier>
    </Filter>
  </ItemGroup>
  <ItemGroup>
    <ClCompile Include="Lab 2 - Pointers.cpp">
      <Filter>Source Files</Filter>
    </ClCompile>
    <ClCompile Include="..\..\Misc\Input\Input.cpp">
      <Filter>Misc\Input</Filter>
    </ClCompile>
    <ClCompile Include="..\..\Misc\Console\Console.cpp">
      <Filter>Misc\Console</Filter>
    </ClCompile>
    <ClCompile Include="Passby.cpp">
      <Filter>Source Files</Filter>
    </ClCompile>
    <ClCompile Include="Programs.cpp">
      <Filter>Source Files</Filter>
    </ClCompile>
  </ItemGroup>
  <ItemGroup>
    <ClInclude Include="..\..\Misc\Input\Input.h">
      <Filter>Misc\Input</Filter>
    </ClInclude>
    <ClInclude Include="..\..\Misc\Console\Console.h">
      <Filter>Misc\Console</Filter>
    </ClInclude>
    <ClInclude Include="Passby.h">
      <Filter>Header Files</Filter>
    </ClInclude>
    <ClInclude Include="Car.h">
      <Filter>Header Files</Filter>
    </ClInclude>
    <ClInclude Include="Programs.h">
      <Filter>Header Files</Filter>
    </ClInclude>
  </ItemGroup>
</Project>